
Microsoft Visual Studio Solution File, Format Version 12.00
# Visual Studio 14
VisualStudioVersion = 14.0.24720.0
MinimumVisualStudioVersion = 10.0.40219.1
Project("{FAE04EC0-301F-11D3-BF4B-00C04F79EFBC}") = "regexpract", "regexpract\regexpract.csproj", "{12CB9E92-9530-497B-8DED-63BD203E3EB7}"
EndProject
Project("{FAE04EC0-301F-11D3-BF4B-00C04F79EFBC}") = "IListpractice", "IListpractice\IListpractice.csproj", "{356B0529-1CFC-4588-8D92-46DF2E7DCA61}"
EndProject
Project("{FAE04EC0-301F-11D3-BF4B-00C04F79EFBC}") = "MvvmLightHello", "MvvmLightHello\MvvmLightHello.csproj", "{AEF365DF-B880-4A65-8D12-C2C15E1CC8DB}"
EndProject
Project("{FAE04EC0-301F-11D3-BF4B-00C04F79EFBC}") = "ICommondTty", "ICommondTty\ICommondTty.csproj", "{CCCCE1B6-0F12-4614-9376-F527EFB528E7}"
EndProject
Project("{FAE04EC0-301F-11D3-BF4B-00C04F79EFBC}") = "operatortry", "operator\operatortry.csproj", "{5D86030A-76E8-4D1E-BA02-217A8F7BAABE}"
EndProject
Project("{FAE04EC0-301F-11D3-BF4B-00C04F79EFBC}") = "Reflectoknow", "Reflectoknow\Reflectoknow.csproj", "{B34EA5A7-9B5F-40BA-B57B-91289482204C}"
EndProject
Project("{FAE04EC0-301F-11D3-BF4B-00C04F79EFBC}") = "Reflectoknowsample", "Reflectoknowsample\Reflectoknowsample.csproj", "{83F22F6A-198C-4454-BD16-A01D107E7AEB}"
EndProject
Project("{FAE04EC0-301F-11D3-BF4B-00C04F79EFBC}") = "Factory", "Factory\Factory.csproj", "{4C4FF48F-CB40-457F-B024-1A4532C33722}"
EndProject
Project("{FAE04EC0-301F-11D3-BF4B-00C04F79EFBC}") = "conncetaccess", "conncetaccess\conncetaccess.csproj", "{42B2B38C-4DF2-4B47-B8EA-F97C2AD4E122}"
EndProject
Project("{FAE04EC0-301F-11D3-BF4B-00C04F79EFBC}") = "AsyncGame", "AsyncGame\AsyncGame.csproj", "{CD595629-CE16-46FF-A4CF-C9E84FF090D8}"
EndProject
Project("{FAE04EC0-301F-11D3-BF4B-00C04F79EFBC}") = "ThreadProgressring", "..\..\cs6\ThreadProgressring\ThreadProgressring.csproj", "{6977D091-D5A4-46E6-986A-5C90763E719F}"
EndProject
Global
	GlobalSection(SolutionConfigurationPlatforms) = preSolution
		Debug|Any CPU = Debug|Any CPU
		Debug|ARM = Debug|ARM
		Debug|x64 = Debug|x64
		Debug|x86 = Debug|x86
		Release|Any CPU = Release|Any CPU
		Release|ARM = Release|ARM
		Release|x64 = Release|x64
		Release|x86 = Release|x86
	EndGlobalSection
	GlobalSection(ProjectConfigurationPlatforms) = postSolution
		{12CB9E92-9530-497B-8DED-63BD203E3EB7}.Debug|Any CPU.ActiveCfg = Debug|Any CPU
		{12CB9E92-9530-497B-8DED-63BD203E3EB7}.Debug|Any CPU.Build.0 = Debug|Any CPU
		{12CB9E92-9530-497B-8DED-63BD203E3EB7}.Debug|ARM.ActiveCfg = Debug|Any CPU
		{12CB9E92-9530-497B-8DED-63BD203E3EB7}.Debug|ARM.Build.0 = Debug|Any CPU
		{12CB9E92-9530-497B-8DED-63BD203E3EB7}.Debug|x64.ActiveCfg = Debug|Any CPU
		{12CB9E92-9530-497B-8DED-63BD203E3EB7}.Debug|x64.Build.0 = Debug|Any CPU
		{12CB9E92-9530-497B-8DED-63BD203E3EB7}.Debug|x86.ActiveCfg = Debug|Any CPU
		{12CB9E92-9530-497B-8DED-63BD203E3EB7}.Debug|x86.Build.0 = Debug|Any CPU
		{12CB9E92-9530-497B-8DED-63BD203E3EB7}.Release|Any CPU.ActiveCfg = Release|Any CPU
		{12CB9E92-9530-497B-8DED-63BD203E3EB7}.Release|Any CPU.Build.0 = Release|Any CPU
		{12CB9E92-9530-497B-8DED-63BD203E3EB7}.Release|ARM.ActiveCfg = Release|Any CPU
		{12CB9E92-9530-497B-8DED-63BD203E3EB7}.Release|ARM.Build.0 = Release|Any CPU
		{12CB9E92-9530-497B-8DED-63BD203E3EB7}.Release|x64.ActiveCfg = Release|Any CPU
		{12CB9E92-9530-497B-8DED-63BD203E3EB7}.Release|x64.Build.0 = Release|Any CPU
		{12CB9E92-9530-497B-8DED-63BD203E3EB7}.Release|x86.ActiveCfg = Release|Any CPU
		{12CB9E92-9530-497B-8DED-63BD203E3EB7}.Release|x86.Build.0 = Release|Any CPU
		{356B0529-1CFC-4588-8D92-46DF2E7DCA61}.Debug|Any CPU.ActiveCfg = Debug|x86
		{356B0529-1CFC-4588-8D92-46DF2E7DCA61}.Debug|ARM.ActiveCfg = Debug|ARM
		{356B0529-1CFC-4588-8D92-46DF2E7DCA61}.Debug|ARM.Build.0 = Debug|ARM
		{356B0529-1CFC-4588-8D92-46DF2E7DCA61}.Debug|ARM.Deploy.0 = Debug|ARM
		{356B0529-1CFC-4588-8D92-46DF2E7DCA61}.Debug|x64.ActiveCfg = Debug|x64
		{356B0529-1CFC-4588-8D92-46DF2E7DCA61}.Debug|x64.Build.0 = Debug|x64
		{356B0529-1CFC-4588-8D92-46DF2E7DCA61}.Debug|x64.Deploy.0 = Debug|x64
		{356B0529-1CFC-4588-8D92-46DF2E7DCA61}.Debug|x86.ActiveCfg = Debug|x86
		{356B0529-1CFC-4588-8D92-46DF2E7DCA61}.Debug|x86.Build.0 = Debug|x86
		{356B0529-1CFC-4588-8D92-46DF2E7DCA61}.Debug|x86.Deploy.0 = Debug|x86
		{356B0529-1CFC-4588-8D92-46DF2E7DCA61}.Release|Any CPU.ActiveCfg = Release|x86
		{356B0529-1CFC-4588-8D92-46DF2E7DCA61}.Release|ARM.ActiveCfg = Release|ARM
		{356B0529-1CFC-4588-8D92-46DF2E7DCA61}.Release|ARM.Build.0 = Release|ARM
		{356B0529-1CFC-4588-8D92-46DF2E7DCA61}.Release|ARM.Deploy.0 = Release|ARM
		{356B0529-1CFC-4588-8D92-46DF2E7DCA61}.Release|x64.ActiveCfg = Release|x64
		{356B0529-1CFC-4588-8D92-46DF2E7DCA61}.Release|x64.Build.0 = Release|x64
		{356B0529-1CFC-4588-8D92-46DF2E7DCA61}.Release|x64.Deploy.0 = Release|x64
		{356B0529-1CFC-4588-8D92-46DF2E7DCA61}.Release|x86.ActiveCfg = Release|x86
		{356B0529-1CFC-4588-8D92-46DF2E7DCA61}.Release|x86.Build.0 = Release|x86
		{356B0529-1CFC-4588-8D92-46DF2E7DCA61}.Release|x86.Deploy.0 = Release|x86
		{AEF365DF-B880-4A65-8D12-C2C15E1CC8DB}.Debug|Any CPU.ActiveCfg = Debug|Any CPU
		{AEF365DF-B880-4A65-8D12-C2C15E1CC8DB}.Debug|Any CPU.Build.0 = Debug|Any CPU
		{AEF365DF-B880-4A65-8D12-C2C15E1CC8DB}.Debug|Any CPU.Deploy.0 = Debug|Any CPU
		{AEF365DF-B880-4A65-8D12-C2C15E1CC8DB}.Debug|ARM.ActiveCfg = Debug|ARM
		{AEF365DF-B880-4A65-8D12-C2C15E1CC8DB}.Debug|ARM.Build.0 = Debug|ARM
		{AEF365DF-B880-4A65-8D12-C2C15E1CC8DB}.Debug|ARM.Deploy.0 = Debug|ARM
		{AEF365DF-B880-4A65-8D12-C2C15E1CC8DB}.Debug|x64.ActiveCfg = Debug|Any CPU
		{AEF365DF-B880-4A65-8D12-C2C15E1CC8DB}.Debug|x64.Build.0 = Debug|Any CPU
		{AEF365DF-B880-4A65-8D12-C2C15E1CC8DB}.Debug|x64.Deploy.0 = Debug|Any CPU
		{AEF365DF-B880-4A65-8D12-C2C15E1CC8DB}.Debug|x86.ActiveCfg = Debug|x86
		{AEF365DF-B880-4A65-8D12-C2C15E1CC8DB}.Debug|x86.Build.0 = Debug|x86
		{AEF365DF-B880-4A65-8D12-C2C15E1CC8DB}.Debug|x86.Deploy.0 = Debug|x86
		{AEF365DF-B880-4A65-8D12-C2C15E1CC8DB}.Release|Any CPU.ActiveCfg = Release|Any CPU
		{AEF365DF-B880-4A65-8D12-C2C15E1CC8DB}.Release|Any CPU.Build.0 = Release|Any CPU
		{AEF365DF-B880-4A65-8D12-C2C15E1CC8DB}.Release|Any CPU.Deploy.0 = Release|Any CPU
		{AEF365DF-B880-4A65-8D12-C2C15E1CC8DB}.Release|ARM.ActiveCfg = Release|ARM
		{AEF365DF-B880-4A65-8D12-C2C15E1CC8DB}.Release|ARM.Build.0 = Release|ARM
		{AEF365DF-B880-4A65-8D12-C2C15E1CC8DB}.Release|ARM.Deploy.0 = Release|ARM
		{AEF365DF-B880-4A65-8D12-C2C15E1CC8DB}.Release|x64.ActiveCfg = Release|Any CPU
		{AEF365DF-B880-4A65-8D12-C2C15E1CC8DB}.Release|x64.Build.0 = Release|Any CPU
		{AEF365DF-B880-4A65-8D12-C2C15E1CC8DB}.Release|x64.Deploy.0 = Release|Any CPU
		{AEF365DF-B880-4A65-8D12-C2C15E1CC8DB}.Release|x86.ActiveCfg = Release|x86
		{AEF365DF-B880-4A65-8D12-C2C15E1CC8DB}.Release|x86.Build.0 = Release|x86
		{AEF365DF-B880-4A65-8D12-C2C15E1CC8DB}.Release|x86.Deploy.0 = Release|x86
		{CCCCE1B6-0F12-4614-9376-F527EFB528E7}.Debug|Any CPU.ActiveCfg = Debug|x86
		{CCCCE1B6-0F12-4614-9376-F527EFB528E7}.Debug|ARM.ActiveCfg = Debug|ARM
		{CCCCE1B6-0F12-4614-9376-F527EFB528E7}.Debug|ARM.Build.0 = Debug|ARM
		{CCCCE1B6-0F12-4614-9376-F527EFB528E7}.Debug|ARM.Deploy.0 = Debug|ARM
		{CCCCE1B6-0F12-4614-9376-F527EFB528E7}.Debug|x64.ActiveCfg = Debug|x64
		{CCCCE1B6-0F12-4614-9376-F527EFB528E7}.Debug|x64.Build.0 = Debug|x64
		{CCCCE1B6-0F12-4614-9376-F527EFB528E7}.Debug|x64.Deploy.0 = Debug|x64
		{CCCCE1B6-0F12-4614-9376-F527EFB528E7}.Debug|x86.ActiveCfg = Debug|x86
		{CCCCE1B6-0F12-4614-9376-F527EFB528E7}.Debug|x86.Build.0 = Debug|x86
		{CCCCE1B6-0F12-4614-9376-F527EFB528E7}.Debug|x86.Deploy.0 = Debug|x86
		{CCCCE1B6-0F12-4614-9376-F527EFB528E7}.Release|Any CPU.ActiveCfg = Release|x86
		{CCCCE1B6-0F12-4614-9376-F527EFB528E7}.Release|ARM.ActiveCfg = Release|ARM
		{CCCCE1B6-0F12-4614-9376-F527EFB528E7}.Release|ARM.Build.0 = Release|ARM
		{CCCCE1B6-0F12-4614-9376-F527EFB528E7}.Release|ARM.Deploy.0 = Release|ARM
		{CCCCE1B6-0F12-4614-9376-F527EFB528E7}.Release|x64.ActiveCfg = Release|x64
		{CCCCE1B6-0F12-4614-9376-F527EFB528E7}.Release|x64.Build.0 = Release|x64
		{CCCCE1B6-0F12-4614-9376-F527EFB528E7}.Release|x64.Deploy.0 = Release|x64
		{CCCCE1B6-0F12-4614-9376-F527EFB528E7}.Release|x86.ActiveCfg = Release|x86
		{CCCCE1B6-0F12-4614-9376-F527EFB528E7}.Release|x86.Build.0 = Release|x86
		{CCCCE1B6-0F12-4614-9376-F527EFB528E7}.Release|x86.Deploy.0 = Release|x86
		{5D86030A-76E8-4D1E-BA02-217A8F7BAABE}.Debug|Any CPU.ActiveCfg = Debug|Any CPU
		{5D86030A-76E8-4D1E-BA02-217A8F7BAABE}.Debug|Any CPU.Build.0 = Debug|Any CPU
		{5D86030A-76E8-4D1E-BA02-217A8F7BAABE}.Debug|ARM.ActiveCfg = Debug|Any CPU
		{5D86030A-76E8-4D1E-BA02-217A8F7BAABE}.Debug|ARM.Build.0 = Debug|Any CPU
		{5D86030A-76E8-4D1E-BA02-217A8F7BAABE}.Debug|x64.ActiveCfg = Debug|Any CPU
		{5D86030A-76E8-4D1E-BA02-217A8F7BAABE}.Debug|x64.Build.0 = Debug|Any CPU
		{5D86030A-76E8-4D1E-BA02-217A8F7BAABE}.Debug|x86.ActiveCfg = Debug|Any CPU
		{5D86030A-76E8-4D1E-BA02-217A8F7BAABE}.Debug|x86.Build.0 = Debug|Any CPU
		{5D86030A-76E8-4D1E-BA02-217A8F7BAABE}.Release|Any CPU.ActiveCfg = Release|Any CPU
		{5D86030A-76E8-4D1E-BA02-217A8F7BAABE}.Release|Any CPU.Build.0 = Release|Any CPU
		{5D86030A-76E8-4D1E-BA02-217A8F7BAABE}.Release|ARM.ActiveCfg = Release|Any CPU
		{5D86030A-76E8-4D1E-BA02-217A8F7BAABE}.Release|ARM.Build.0 = Release|Any CPU
		{5D86030A-76E8-4D1E-BA02-217A8F7BAABE}.Release|x64.ActiveCfg = Release|Any CPU
		{5D86030A-76E8-4D1E-BA02-217A8F7BAABE}.Release|x64.Build.0 = Release|Any CPU
		{5D86030A-76E8-4D1E-BA02-217A8F7BAABE}.Release|x86.ActiveCfg = Release|Any CPU
		{5D86030A-76E8-4D1E-BA02-217A8F7BAABE}.Release|x86.Build.0 = Release|Any CPU
		{B34EA5A7-9B5F-40BA-B57B-91289482204C}.Debug|Any CPU.ActiveCfg = Debug|Any CPU
		{B34EA5A7-9B5F-40BA-B57B-91289482204C}.Debug|Any CPU.Build.0 = Debug|Any CPU
		{B34EA5A7-9B5F-40BA-B57B-91289482204C}.Debug|ARM.ActiveCfg = Debug|Any CPU
		{B34EA5A7-9B5F-40BA-B57B-91289482204C}.Debug|ARM.Build.0 = Debug|Any CPU
		{B34EA5A7-9B5F-40BA-B57B-91289482204C}.Debug|x64.ActiveCfg = Debug|Any CPU
		{B34EA5A7-9B5F-40BA-B57B-91289482204C}.Debug|x64.Build.0 = Debug|Any CPU
		{B34EA5A7-9B5F-40BA-B57B-91289482204C}.Debug|x86.ActiveCfg = Debug|Any CPU
		{B34EA5A7-9B5F-40BA-B57B-91289482204C}.Debug|x86.Build.0 = Debug|Any CPU
		{B34EA5A7-9B5F-40BA-B57B-91289482204C}.Release|Any CPU.ActiveCfg = Release|Any CPU
		{B34EA5A7-9B5F-40BA-B57B-91289482204C}.Release|Any CPU.Build.0 = Release|Any CPU
		{B34EA5A7-9B5F-40BA-B57B-91289482204C}.Release|ARM.ActiveCfg = Release|Any CPU
		{B34EA5A7-9B5F-40BA-B57B-91289482204C}.Release|ARM.Build.0 = Release|Any CPU
		{B34EA5A7-9B5F-40BA-B57B-91289482204C}.Release|x64.ActiveCfg = Release|Any CPU
		{B34EA5A7-9B5F-40BA-B57B-91289482204C}.Release|x64.Build.0 = Release|Any CPU
		{B34EA5A7-9B5F-40BA-B57B-91289482204C}.Release|x86.ActiveCfg = Release|Any CPU
		{B34EA5A7-9B5F-40BA-B57B-91289482204C}.Release|x86.Build.0 = Release|Any CPU
		{83F22F6A-198C-4454-BD16-A01D107E7AEB}.Debug|Any CPU.ActiveCfg = Debug|Any CPU
		{83F22F6A-198C-4454-BD16-A01D107E7AEB}.Debug|Any CPU.Build.0 = Debug|Any CPU
		{83F22F6A-198C-4454-BD16-A01D107E7AEB}.Debug|ARM.ActiveCfg = Debug|Any CPU
		{83F22F6A-198C-4454-BD16-A01D107E7AEB}.Debug|ARM.Build.0 = Debug|Any CPU
		{83F22F6A-198C-4454-BD16-A01D107E7AEB}.Debug|x64.ActiveCfg = Debug|Any CPU
		{83F22F6A-198C-4454-BD16-A01D107E7AEB}.Debug|x64.Build.0 = Debug|Any CPU
		{83F22F6A-198C-4454-BD16-A01D107E7AEB}.Debug|x86.ActiveCfg = Debug|Any CPU
		{83F22F6A-198C-4454-BD16-A01D107E7AEB}.Debug|x86.Build.0 = Debug|Any CPU
		{83F22F6A-198C-4454-BD16-A01D107E7AEB}.Release|Any CPU.ActiveCfg = Release|Any CPU
		{83F22F6A-198C-4454-BD16-A01D107E7AEB}.Release|Any CPU.Build.0 = Release|Any CPU
		{83F22F6A-198C-4454-BD16-A01D107E7AEB}.Release|ARM.ActiveCfg = Release|Any CPU
		{83F22F6A-198C-4454-BD16-A01D107E7AEB}.Release|ARM.Build.0 = Release|Any CPU
		{83F22F6A-198C-4454-BD16-A01D107E7AEB}.Release|x64.ActiveCfg = Release|Any CPU
		{83F22F6A-198C-4454-BD16-A01D107E7AEB}.Release|x64.Build.0 = Release|Any CPU
		{83F22F6A-198C-4454-BD16-A01D107E7AEB}.Release|x86.ActiveCfg = Release|Any CPU
		{83F22F6A-198C-4454-BD16-A01D107E7AEB}.Release|x86.Build.0 = Release|Any CPU
		{4C4FF48F-CB40-457F-B024-1A4532C33722}.Debug|Any CPU.ActiveCfg = Debug|Any CPU
		{4C4FF48F-CB40-457F-B024-1A4532C33722}.Debug|Any CPU.Build.0 = Debug|Any CPU
		{4C4FF48F-CB40-457F-B024-1A4532C33722}.Debug|ARM.ActiveCfg = Debug|Any CPU
		{4C4FF48F-CB40-457F-B024-1A4532C33722}.Debug|ARM.Build.0 = Debug|Any CPU
		{4C4FF48F-CB40-457F-B024-1A4532C33722}.Debug|x64.ActiveCfg = Debug|Any CPU
		{4C4FF48F-CB40-457F-B024-1A4532C33722}.Debug|x64.Build.0 = Debug|Any CPU
		{4C4FF48F-CB40-457F-B024-1A4532C33722}.Debug|x86.ActiveCfg = Debug|Any CPU
		{4C4FF48F-CB40-457F-B024-1A4532C33722}.Debug|x86.Build.0 = Debug|Any CPU
		{4C4FF48F-CB40-457F-B024-1A4532C33722}.Release|Any CPU.ActiveCfg = Release|Any CPU
		{4C4FF48F-CB40-457F-B024-1A4532C33722}.Release|Any CPU.Build.0 = Release|Any CPU
		{4C4FF48F-CB40-457F-B024-1A4532C33722}.Release|ARM.ActiveCfg = Release|Any CPU
		{4C4FF48F-CB40-457F-B024-1A4532C33722}.Release|ARM.Build.0 = Release|Any CPU
		{4C4FF48F-CB40-457F-B024-1A4532C33722}.Release|x64.ActiveCfg = Release|Any CPU
		{4C4FF48F-CB40-457F-B024-1A4532C33722}.Release|x64.Build.0 = Release|Any CPU
		{4C4FF48F-CB40-457F-B024-1A4532C33722}.Release|x86.ActiveCfg = Release|Any CPU
		{4C4FF48F-CB40-457F-B024-1A4532C33722}.Release|x86.Build.0 = Release|Any CPU
		{42B2B38C-4DF2-4B47-B8EA-F97C2AD4E122}.Debug|Any CPU.ActiveCfg = Debug|Any CPU
		{42B2B38C-4DF2-4B47-B8EA-F97C2AD4E122}.Debug|Any CPU.Build.0 = Debug|Any CPU
		{42B2B38C-4DF2-4B47-B8EA-F97C2AD4E122}.Debug|ARM.ActiveCfg = Debug|Any CPU
		{42B2B38C-4DF2-4B47-B8EA-F97C2AD4E122}.Debug|ARM.Build.0 = Debug|Any CPU
		{42B2B38C-4DF2-4B47-B8EA-F97C2AD4E122}.Debug|x64.ActiveCfg = Debug|Any CPU
		{42B2B38C-4DF2-4B47-B8EA-F97C2AD4E122}.Debug|x64.Build.0 = Debug|Any CPU
		{42B2B38C-4DF2-4B47-B8EA-F97C2AD4E122}.Debug|x86.ActiveCfg = Debug|Any CPU
		{42B2B38C-4DF2-4B47-B8EA-F97C2AD4E122}.Debug|x86.Build.0 = Debug|Any CPU
		{42B2B38C-4DF2-4B47-B8EA-F97C2AD4E122}.Release|Any CPU.ActiveCfg = Release|Any CPU
		{42B2B38C-4DF2-4B47-B8EA-F97C2AD4E122}.Release|Any CPU.Build.0 = Release|Any CPU
		{42B2B38C-4DF2-4B47-B8EA-F97C2AD4E122}.Release|ARM.ActiveCfg = Release|Any CPU
		{42B2B38C-4DF2-4B47-B8EA-F97C2AD4E122}.Release|ARM.Build.0 = Release|Any CPU
		{42B2B38C-4DF2-4B47-B8EA-F97C2AD4E122}.Release|x64.ActiveCfg = Release|Any CPU
		{42B2B38C-4DF2-4B47-B8EA-F97C2AD4E122}.Release|x64.Build.0 = Release|Any CPU
		{42B2B38C-4DF2-4B47-B8EA-F97C2AD4E122}.Release|x86.ActiveCfg = Release|Any CPU
		{42B2B38C-4DF2-4B47-B8EA-F97C2AD4E122}.Release|x86.Build.0 = Release|Any CPU
		{CD595629-CE16-46FF-A4CF-C9E84FF090D8}.Debug|Any CPU.ActiveCfg = Debug|x86
		{CD595629-CE16-46FF-A4CF-C9E84FF090D8}.Debug|ARM.ActiveCfg = Debug|ARM
		{CD595629-CE16-46FF-A4CF-C9E84FF090D8}.Debug|ARM.Build.0 = Debug|ARM
		{CD595629-CE16-46FF-A4CF-C9E84FF090D8}.Debug|ARM.Deploy.0 = Debug|ARM
		{CD595629-CE16-46FF-A4CF-C9E84FF090D8}.Debug|x64.ActiveCfg = Debug|x64
		{CD595629-CE16-46FF-A4CF-C9E84FF090D8}.Debug|x64.Build.0 = Debug|x64
		{CD595629-CE16-46FF-A4CF-C9E84FF090D8}.Debug|x64.Deploy.0 = Debug|x64
		{CD595629-CE16-46FF-A4CF-C9E84FF090D8}.Debug|x86.ActiveCfg = Debug|x86
		{CD595629-CE16-46FF-A4CF-C9E84FF090D8}.Debug|x86.Build.0 = Debug|x86
		{CD595629-CE16-46FF-A4CF-C9E84FF090D8}.Debug|x86.Deploy.0 = Debug|x86
		{CD595629-CE16-46FF-A4CF-C9E84FF090D8}.Release|Any CPU.ActiveCfg = Release|x86
		{CD595629-CE16-46FF-A4CF-C9E84FF090D8}.Release|ARM.ActiveCfg = Release|ARM
		{CD595629-CE16-46FF-A4CF-C9E84FF090D8}.Release|ARM.Build.0 = Release|ARM
		{CD595629-CE16-46FF-A4CF-C9E84FF090D8}.Release|ARM.Deploy.0 = Release|ARM
		{CD595629-CE16-46FF-A4CF-C9E84FF090D8}.Release|x64.ActiveCfg = Release|x64
		{CD595629-CE16-46FF-A4CF-C9E84FF090D8}.Release|x64.Build.0 = Release|x64
		{CD595629-CE16-46FF-A4CF-C9E84FF090D8}.Release|x64.Deploy.0 = Release|x64
		{CD595629-CE16-46FF-A4CF-C9E84FF090D8}.Release|x86.ActiveCfg = Release|x86
		{CD595629-CE16-46FF-A4CF-C9E84FF090D8}.Release|x86.Build.0 = Release|x86
		{CD595629-CE16-46FF-A4CF-C9E84FF090D8}.Release|x86.Deploy.0 = Release|x86
		{6977D091-D5A4-46E6-986A-5C90763E719F}.Debug|Any CPU.ActiveCfg = Debug|x86
		{6977D091-D5A4-46E6-986A-5C90763E719F}.Debug|ARM.ActiveCfg = Debug|ARM
		{6977D091-D5A4-46E6-986A-5C90763E719F}.Debug|ARM.Build.0 = Debug|ARM
		{6977D091-D5A4-46E6-986A-5C90763E719F}.Debug|ARM.Deploy.0 = Debug|ARM
		{6977D091-D5A4-46E6-986A-5C90763E719F}.Debug|x64.ActiveCfg = Debug|x64
		{6977D091-D5A4-46E6-986A-5C90763E719F}.Debug|x64.Build.0 = Debug|x64
		{6977D091-D5A4-46E6-986A-5C90763E719F}.Debug|x64.Deploy.0 = Debug|x64
		{6977D091-D5A4-46E6-986A-5C90763E719F}.Debug|x86.ActiveCfg = Debug|x86
		{6977D091-D5A4-46E6-986A-5C90763E719F}.Debug|x86.Build.0 = Debug|x86
		{6977D091-D5A4-46E6-986A-5C90763E719F}.Debug|x86.Deploy.0 = Debug|x86
		{6977D091-D5A4-46E6-986A-5C90763E719F}.Release|Any CPU.ActiveCfg = Release|x86
		{6977D091-D5A4-46E6-986A-5C90763E719F}.Release|ARM.ActiveCfg = Release|ARM
		{6977D091-D5A4-46E6-986A-5C90763E719F}.Release|ARM.Build.0 = Release|ARM
		{6977D091-D5A4-46E6-986A-5C90763E719F}.Release|ARM.Deploy.0 = Release|ARM
		{6977D091-D5A4-46E6-986A-5C90763E719F}.Release|x64.ActiveCfg = Release|x64
		{6977D091-D5A4-46E6-986A-5C90763E719F}.Release|x64.Build.0 = Release|x64
		{6977D091-D5A4-46E6-986A-5C90763E719F}.Release|x64.Deploy.0 = Release|x64
		{6977D091-D5A4-46E6-986A-5C90763E719F}.Release|x86.ActiveCfg = Release|x86
		{6977D091-D5A4-46E6-986A-5C90763E719F}.Release|x86.Build.0 = Release|x86
		{6977D091-D5A4-46E6-986A-5C90763E719F}.Release|x86.Deploy.0 = Release|x86
	EndGlobalSection
	GlobalSection(SolutionProperties) = preSolution
		HideSolutionNode = FALSE
	EndGlobalSection
EndGlobal
